
Microsoft Visual Studio Solution File, Format Version 12.00
# Visual Studio Version 17
VisualStudioVersion = 17.6.33829.357
MinimumVisualStudioVersion = 10.0.40219.1
Project("{9A19103F-16F7-4668-BE54-9A1E7A4F7556}") = "MassTransitPoc.Contracts", "MassTransitPoc.Contracts\MassTransitPoc.Contracts.csproj", "{309CBA46-77B5-4952-81F0-0025F5709DAC}"
EndProject
Project("{9A19103F-16F7-4668-BE54-9A1E7A4F7556}") = "MassTransitPoc.Consumer", "MassTransitPoc.Consumer\MassTransitPoc.Consumer.csproj", "{1FBCFA8C-16E1-4807-A283-38680E952C0E}"
EndProject
Project("{9A19103F-16F7-4668-BE54-9A1E7A4F7556}") = "MassTransitPoc.Api", "MassTransitPoc.Api\MassTransitPoc.Api.csproj", "{E508D9CD-AE6E-4D5F-9534-843826A0E070}"
EndProject
Project("{E53339B2-1760-4266-BCC7-CA923CBCF16C}") = "docker-compose", "docker-compose.dcproj", "{BA5DB101-BA84-48D0-B7B3-E7465B980D4F}"
EndProject
Project("{2150E333-8FDC-42A3-9474-1A3956D46DE8}") = "Solution Items", "Solution Items", "{778753B3-C206-4436-BC6E-0218623B1E05}"
	ProjectSection(SolutionItems) = preProject
		rabbitmq.conf = rabbitmq.conf
	EndProjectSection
EndProject
Global
	GlobalSection(SolutionConfigurationPlatforms) = preSolution
		Debug|Any CPU = Debug|Any CPU
		Release|Any CPU = Release|Any CPU
	EndGlobalSection
	GlobalSection(ProjectConfigurationPlatforms) = postSolution
		{309CBA46-77B5-4952-81F0-0025F5709DAC}.Debug|Any CPU.ActiveCfg = Debug|Any CPU
		{309CBA46-77B5-4952-81F0-0025F5709DAC}.Debug|Any CPU.Build.0 = Debug|Any CPU
		{309CBA46-77B5-4952-81F0-0025F5709DAC}.Release|Any CPU.ActiveCfg = Release|Any CPU
		{309CBA46-77B5-4952-81F0-0025F5709DAC}.Release|Any CPU.Build.0 = Release|Any CPU
		{1FBCFA8C-16E1-4807-A283-38680E952C0E}.Debug|Any CPU.ActiveCfg = Debug|Any CPU
		{1FBCFA8C-16E1-4807-A283-38680E952C0E}.Debug|Any CPU.Build.0 = Debug|Any CPU
		{1FBCFA8C-16E1-4807-A283-38680E952C0E}.Release|Any CPU.ActiveCfg = Release|Any CPU
		{1FBCFA8C-16E1-4807-A283-38680E952C0E}.Release|Any CPU.Build.0 = Release|Any CPU
		{E508D9CD-AE6E-4D5F-9534-843826A0E070}.Debug|Any CPU.ActiveCfg = Debug|Any CPU
		{E508D9CD-AE6E-4D5F-9534-843826A0E070}.Debug|Any CPU.Build.0 = Debug|Any CPU
		{E508D9CD-AE6E-4D5F-9534-843826A0E070}.Release|Any CPU.ActiveCfg = Release|Any CPU
		{E508D9CD-AE6E-4D5F-9534-843826A0E070}.Release|Any CPU.Build.0 = Release|Any CPU
		{BA5DB101-BA84-48D0-B7B3-E7465B980D4F}.Debug|Any CPU.ActiveCfg = Debug|Any CPU
		{BA5DB101-BA84-48D0-B7B3-E7465B980D4F}.Debug|Any CPU.Build.0 = Debug|Any CPU
		{BA5DB101-BA84-48D0-B7B3-E7465B980D4F}.Release|Any CPU.ActiveCfg = Release|Any CPU
		{BA5DB101-BA84-48D0-B7B3-E7465B980D4F}.Release|Any CPU.Build.0 = Release|Any CPU
	EndGlobalSection
	GlobalSection(SolutionProperties) = preSolution
		HideSolutionNode = FALSE
	EndGlobalSection
	GlobalSection(ExtensibilityGlobals) = postSolution
		SolutionGuid = {FCDA223D-E622-4FBD-A27D-DCA3AC7FAFF7}
	EndGlobalSection
EndGlobal
